<Solution>
  <Folder Name="/src/">
    <Project Path="src/SharpAudio.Api/SharpAudio.Api.csproj" />
    <Project Path="src/SharpAudio.Worker/SharpAudio.Worker.csproj" />
    <Project Path="src/SharpAudio.Worker.Asr/SharpAudio.Worker.Asr.csproj" />
  </Folder>
  <Folder Name="/tests/">
    <Project Path="tests/SharpAudio.Api.Tests/SharpAudio.Api.Tests.csproj" />
  </Folder>
</Solution>
